# Fully-resolved lock file (Python 3.12.6) — direct + transitive dependencies, exact versions.
# Generated by `pip freeze` in a clean venv and VERIFIED to reproduce predictions.csv
# byte-identically. Use this for exact environment recreation:
#
#   python3.12 -m venv .venv && source .venv/bin/activate
#   pip install -r requirements.lock
#   python reproduce.py --data /path/to/mini_challenge_dataset   # -> BYTE-IDENTICAL ✓
#
# (requirements.txt lists just the 7 top-level deps; this lock pins everything they pull in.)
joblib==1.5.3
lightgbm==4.6.0
numpy==1.26.4
pandas==3.0.3
pyarrow==24.0.0
python-dateutil==2.9.0.post0
scikit-learn==1.8.0
scipy==1.17.1
six==1.17.0
threadpoolctl==3.6.0
